
Microsoft Visual Studio Solution File, Format Version 12.00
# Visual Studio Version 17
VisualStudioVersion = 17.5.33424.131
MinimumVisualStudioVersion = 10.0.40219.1
Project("{2150E333-8FDC-42A3-9474-1A3956D46DE8}") = "src", "src", "{50B41800-0F43-4CA6-974B-832EE5DA06E3}"
EndProject
Project("{2150E333-8FDC-42A3-9474-1A3956D46DE8}") = "tests", "tests", "{33C4AE1C-D422-415A-BD7C-37CC4661AA35}"
EndProject
Project("{9A19103F-16F7-4668-BE54-9A1E7A4F7556}") = "Application.UnitTests", "tests\Application.UnitTests\Application.UnitTests.csproj", "{C0EAA29F-65B4-4FF9-81C6-818A9FB2AD92}"
EndProject
Project("{9A19103F-16F7-4668-BE54-9A1E7A4F7556}") = "Domain.UnitTests", "tests\Domain.UnitTests\Domain.UnitTests.csproj", "{0481A727-5306-4AB0-8C0F-4613F8CB337B}"
EndProject
Project("{9A19103F-16F7-4668-BE54-9A1E7A4F7556}") = "Domain", "src\Domain\Domain.csproj", "{CF17B807-E4D4-48AC-93D5-17F38BECB10C}"
EndProject
Project("{9A19103F-16F7-4668-BE54-9A1E7A4F7556}") = "Application", "src\Application\Application.csproj", "{2D837D05-ADA4-4432-A9B6-6214541B1A05}"
EndProject
Project("{9A19103F-16F7-4668-BE54-9A1E7A4F7556}") = "WebAPI", "src\WebAPI\WebAPI.csproj", "{285A5450-A35B-4986-B1AF-2D3E70119E5C}"
EndProject
Project("{E53339B2-1760-4266-BCC7-CA923CBCF16C}") = "docker-compose", "docker-compose.dcproj", "{0D1FFF2F-A4A8-4392-95B8-3E490B0335DD}"
EndProject
Project("{9A19103F-16F7-4668-BE54-9A1E7A4F7556}") = "Identity", "src\Identity\Identity.csproj", "{3F5DF40C-4982-45BF-AF0E-6CC0D96BBD28}"
EndProject
Project("{9A19103F-16F7-4668-BE54-9A1E7A4F7556}") = "Persistence", "src\Persistence\Persistence.csproj", "{2F742BF4-1E75-4481-8F43-5D76B4993870}"
EndProject
Project("{2150E333-8FDC-42A3-9474-1A3956D46DE8}") = "Infrastructure", "Infrastructure", "{84A7461B-7E42-48DE-B75D-3103E3766EE6}"
EndProject
Project("{2150E333-8FDC-42A3-9474-1A3956D46DE8}") = "Core", "Core", "{0B89D6F6-B092-4A57-B627-35EF1D9EDCD3}"
EndProject
Project("{2150E333-8FDC-42A3-9474-1A3956D46DE8}") = "Presentation", "Presentation", "{3687E744-10DA-469D-BED0-EB7493C64C42}"
EndProject
Project("{9A19103F-16F7-4668-BE54-9A1E7A4F7556}") = "Infrastructure", "src\Infrastructure\Infrastructure.csproj", "{C17CFA3A-CB7B-408E-A552-335F6FE8E000}"
EndProject
Global
	GlobalSection(SolutionConfigurationPlatforms) = preSolution
		Debug|Any CPU = Debug|Any CPU
		Release|Any CPU = Release|Any CPU
	EndGlobalSection
	GlobalSection(ProjectConfigurationPlatforms) = postSolution
		{C0EAA29F-65B4-4FF9-81C6-818A9FB2AD92}.Debug|Any CPU.ActiveCfg = Debug|Any CPU
		{C0EAA29F-65B4-4FF9-81C6-818A9FB2AD92}.Debug|Any CPU.Build.0 = Debug|Any CPU
		{C0EAA29F-65B4-4FF9-81C6-818A9FB2AD92}.Release|Any CPU.ActiveCfg = Release|Any CPU
		{C0EAA29F-65B4-4FF9-81C6-818A9FB2AD92}.Release|Any CPU.Build.0 = Release|Any CPU
		{0481A727-5306-4AB0-8C0F-4613F8CB337B}.Debug|Any CPU.ActiveCfg = Debug|Any CPU
		{0481A727-5306-4AB0-8C0F-4613F8CB337B}.Debug|Any CPU.Build.0 = Debug|Any CPU
		{0481A727-5306-4AB0-8C0F-4613F8CB337B}.Release|Any CPU.ActiveCfg = Release|Any CPU
		{0481A727-5306-4AB0-8C0F-4613F8CB337B}.Release|Any CPU.Build.0 = Release|Any CPU
		{CF17B807-E4D4-48AC-93D5-17F38BECB10C}.Debug|Any CPU.ActiveCfg = Debug|Any CPU
		{CF17B807-E4D4-48AC-93D5-17F38BECB10C}.Debug|Any CPU.Build.0 = Debug|Any CPU
		{CF17B807-E4D4-48AC-93D5-17F38BECB10C}.Release|Any CPU.ActiveCfg = Release|Any CPU
		{CF17B807-E4D4-48AC-93D5-17F38BECB10C}.Release|Any CPU.Build.0 = Release|Any CPU
		{2D837D05-ADA4-4432-A9B6-6214541B1A05}.Debug|Any CPU.ActiveCfg = Debug|Any CPU
		{2D837D05-ADA4-4432-A9B6-6214541B1A05}.Debug|Any CPU.Build.0 = Debug|Any CPU
		{2D837D05-ADA4-4432-A9B6-6214541B1A05}.Release|Any CPU.ActiveCfg = Release|Any CPU
		{2D837D05-ADA4-4432-A9B6-6214541B1A05}.Release|Any CPU.Build.0 = Release|Any CPU
		{285A5450-A35B-4986-B1AF-2D3E70119E5C}.Debug|Any CPU.ActiveCfg = Debug|Any CPU
		{285A5450-A35B-4986-B1AF-2D3E70119E5C}.Debug|Any CPU.Build.0 = Debug|Any CPU
		{285A5450-A35B-4986-B1AF-2D3E70119E5C}.Release|Any CPU.ActiveCfg = Release|Any CPU
		{285A5450-A35B-4986-B1AF-2D3E70119E5C}.Release|Any CPU.Build.0 = Release|Any CPU
		{0D1FFF2F-A4A8-4392-95B8-3E490B0335DD}.Debug|Any CPU.ActiveCfg = Debug|Any CPU
		{0D1FFF2F-A4A8-4392-95B8-3E490B0335DD}.Debug|Any CPU.Build.0 = Debug|Any CPU
		{0D1FFF2F-A4A8-4392-95B8-3E490B0335DD}.Release|Any CPU.ActiveCfg = Release|Any CPU
		{0D1FFF2F-A4A8-4392-95B8-3E490B0335DD}.Release|Any CPU.Build.0 = Release|Any CPU
		{3F5DF40C-4982-45BF-AF0E-6CC0D96BBD28}.Debug|Any CPU.ActiveCfg = Debug|Any CPU
		{3F5DF40C-4982-45BF-AF0E-6CC0D96BBD28}.Debug|Any CPU.Build.0 = Debug|Any CPU
		{3F5DF40C-4982-45BF-AF0E-6CC0D96BBD28}.Release|Any CPU.ActiveCfg = Release|Any CPU
		{3F5DF40C-4982-45BF-AF0E-6CC0D96BBD28}.Release|Any CPU.Build.0 = Release|Any CPU
		{2F742BF4-1E75-4481-8F43-5D76B4993870}.Debug|Any CPU.ActiveCfg = Debug|Any CPU
		{2F742BF4-1E75-4481-8F43-5D76B4993870}.Debug|Any CPU.Build.0 = Debug|Any CPU
		{2F742BF4-1E75-4481-8F43-5D76B4993870}.Release|Any CPU.ActiveCfg = Release|Any CPU
		{2F742BF4-1E75-4481-8F43-5D76B4993870}.Release|Any CPU.Build.0 = Release|Any CPU
		{C17CFA3A-CB7B-408E-A552-335F6FE8E000}.Debug|Any CPU.ActiveCfg = Debug|Any CPU
		{C17CFA3A-CB7B-408E-A552-335F6FE8E000}.Debug|Any CPU.Build.0 = Debug|Any CPU
		{C17CFA3A-CB7B-408E-A552-335F6FE8E000}.Release|Any CPU.ActiveCfg = Release|Any CPU
		{C17CFA3A-CB7B-408E-A552-335F6FE8E000}.Release|Any CPU.Build.0 = Release|Any CPU
	EndGlobalSection
	GlobalSection(SolutionProperties) = preSolution
		HideSolutionNode = FALSE
	EndGlobalSection
	GlobalSection(NestedProjects) = preSolution
		{C0EAA29F-65B4-4FF9-81C6-818A9FB2AD92} = {33C4AE1C-D422-415A-BD7C-37CC4661AA35}
		{0481A727-5306-4AB0-8C0F-4613F8CB337B} = {33C4AE1C-D422-415A-BD7C-37CC4661AA35}
		{CF17B807-E4D4-48AC-93D5-17F38BECB10C} = {0B89D6F6-B092-4A57-B627-35EF1D9EDCD3}
		{2D837D05-ADA4-4432-A9B6-6214541B1A05} = {0B89D6F6-B092-4A57-B627-35EF1D9EDCD3}
		{285A5450-A35B-4986-B1AF-2D3E70119E5C} = {3687E744-10DA-469D-BED0-EB7493C64C42}
		{3F5DF40C-4982-45BF-AF0E-6CC0D96BBD28} = {84A7461B-7E42-48DE-B75D-3103E3766EE6}
		{2F742BF4-1E75-4481-8F43-5D76B4993870} = {84A7461B-7E42-48DE-B75D-3103E3766EE6}
		{84A7461B-7E42-48DE-B75D-3103E3766EE6} = {50B41800-0F43-4CA6-974B-832EE5DA06E3}
		{0B89D6F6-B092-4A57-B627-35EF1D9EDCD3} = {50B41800-0F43-4CA6-974B-832EE5DA06E3}
		{3687E744-10DA-469D-BED0-EB7493C64C42} = {50B41800-0F43-4CA6-974B-832EE5DA06E3}
		{C17CFA3A-CB7B-408E-A552-335F6FE8E000} = {84A7461B-7E42-48DE-B75D-3103E3766EE6}
	EndGlobalSection
	GlobalSection(ExtensibilityGlobals) = postSolution
		SolutionGuid = {D17851FD-DADB-4FAE-91C7-F91678346A5F}
	EndGlobalSection
EndGlobal
